// !$*UTF8*$!
{
	archiveVersion = 1;
	classes = {
	};
	objectVersion = 46;
	objects = {

/* Begin PBXBuildFile section */
		278441681B302DF3005D5001 /* AppDelegate.swift in Sources */ = {isa = PBXBuildFile; fileRef = 278441671B302DF3005D5001 /* AppDelegate.swift */; };
		2784416A1B302DF3005D5001 /* ViewController.swift in Sources */ = {isa = PBXBuildFile; fileRef = 278441691B302DF3005D5001 /* ViewController.swift */; };
		2784416D1B302DF3005D5001 /* Main.storyboard in Resources */ = {isa = PBXBuildFile; fileRef = 2784416B1B302DF3005D5001 /* Main.storyboard */; };
		2784416F1B302DF3005D5001 /* Images.xcassets in Resources */ = {isa = PBXBuildFile; fileRef = 2784416E1B302DF3005D5001 /* Images.xcassets */; };
		278441721B302DF3005D5001 /* LaunchScreen.xib in Resources */ = {isa = PBXBuildFile; fileRef = 278441701B302DF3005D5001 /* LaunchScreen.xib */; };
		2784417E1B302DF4005D5001 /* TestTests.swift in Sources */ = {isa = PBXBuildFile; fileRef = 2784417D1B302DF4005D5001 /* TestTests.swift */; };
/* End PBXBuildFile section */

/* Begin PBXContainerItemProxy section */
		278441781B302DF4005D5001 /* PBXContainerItemProxy */ = {
			isa = PBXContainerItemProxy;
			containerPortal = 2784415A1B302DF3005D5001 /* Project object */;
			proxyType = 1;
			remoteGlobalIDString = 278441611B302DF3005D5001;
			remoteInfo = Test;
		};
/* End PBXContainerItemProxy section */

/* Begin PBXFileReference section */
		278441621B302DF3005D5001 /* Test.app */ = {isa = PBXFileReference; explicitFileType = wrapper.application; includeInIndex = 0; path = Test.app; sourceTree = BUILT_PRODUCTS_DIR; };
		278441661B302DF3005D5001 /* Info.plist */ = {isa = PBXFileReference; lastKnownFileType = text.plist.xml; path = Info.plist; sourceTree = "<group>"; };
		278441671B302DF3005D5001 /* AppDelegate.swift */ = {isa = PBXFileReference; lastKnownFileType = sourcecode.swift; path = AppDelegate.swift; sourceTree = "<group>"; };
		278441691B302DF3005D5001 /* ViewController.swift */ = {isa = PBXFileReference; lastKnownFileType = sourcecode.swift; path = ViewController.swift; sourceTree = "<group>"; };
		2784416C1B302DF3005D5001 /* Base */ = {isa = PBXFileReference; lastKnownFileType = file.storyboard; name = Base; path = Base.lproj/Main.storyboard; sourceTree = "<group>"; };
		2784416E1B302DF3005D5001 /* Images.xcassets */ = {isa = PBXFileReference; lastKnownFileType = folder.assetcatalog; path = Images.xcassets; sourceTree = "<group>"; };
		278441711B302DF3005D5001 /* Base */ = {isa = PBXFileReference; lastKnownFileType = file.xib; name = Base; path = Base.lproj/LaunchScreen.xib; sourceTree = "<group>"; };
		278441771B302DF4005D5001 /* TestTests.xctest */ = {isa = PBXFileReference; explicitFileType = wrapper.cfbundle; includeInIndex = 0; path = TestTests.xctest; sourceTree = BUILT_PRODUCTS_DIR; };
		2784417C1B302DF4005D5001 /* Info.plist */ = {isa = PBXFileReference; lastKnownFileType = text.plist.xml; path = Info.plist; sourceTree = "<group>"; };
		2784417D1B302DF4005D5001 /* TestTests.swift */ = {isa = PBXFileReference; lastKnownFileType = sourcecode.swift; path = TestTests.swift; sourceTree = "<group>"; };
/* End PBXFileReference section */

/* Begin PBXFrameworksBuildPhase section */
		2784415F1B302DF3005D5001 /* Frameworks */ = {
			isa = PBXFrameworksBuildPhase;
			buildActionMask = 2147483647;
			files = (
			);
			runOnlyForDeploymentPostprocessing = 0;
		};
		278441741B302DF4005D5001 /* Frameworks */ = {
			isa = PBXFrameworksBuildPhase;
			buildActionMask = 2147483647;
			files = (
			);
			runOnlyForDeploymentPostprocessing = 0;
		};
/* End PBXFrameworksBuildPhase section */

/* Begin PBXGroup section */
		278441591B302DF3005D5001 = {
			isa = PBXGroup;
			children = (
				278441641B302DF3005D5001 /* Test */,
				2784417A1B302DF4005D5001 /* TestTests */,
				278441631B302DF3005D5001 /* Products */,
			);
			sourceTree = "<group>";
		};
		278441631B302DF3005D5001 /* Products */ = {
			isa = PBXGroup;
			children = (
				278441621B302DF3005D5001 /* Test.app */,
				278441771B302DF4005D5001 /* TestTests.xctest */,
			);
			name = Products;
			sourceTree = "<group>";
		};
		278441641B302DF3005D5001 /* Test */ = {
			isa = PBXGroup;
			children = (
				278441671B302DF3005D5001 /* AppDelegate.swift */,
				278441691B302DF3005D5001 /* ViewController.swift */,
				2784416B1B302DF3005D5001 /* Main.storyboard */,
				2784416E1B302DF3005D5001 /* Images.xcassets */,
				278441701B302DF3005D5001 /* LaunchScreen.xib */,
				278441651B302DF3005D5001 /* Supporting Files */,
			);
			path = Test;
			sourceTree = "<group>";
		};
		278441651B302DF3005D5001 /* Supporting Files */ = {
			isa = PBXGroup;
			children = (
				278441661B302DF3005D5001 /* Info.plist */,
			);
			name = "Supporting Files";
			sourceTree = "<group>";
		};
		2784417A1B302DF4005D5001 /* TestTests */ = {
			isa = PBXGroup;
			children = (
				2784417D1B302DF4005D5001 /* TestTests.swift */,
				2784417B1B302DF4005D5001 /* Supporting Files */,
			);
			path = TestTests;
			sourceTree = "<group>";
		};
		2784417B1B302DF4005D5001 /* Supporting Files */ = {
			isa = PBXGroup;
			children = (
				2784417C1B302DF4005D5001 /* Info.plist */,
			);
			name = "Supporting Files";
			sourceTree = "<group>";
		};
/* End PBXGroup section */

/* Begin PBXNativeTarget section */
		278441611B302DF3005D5001 /* Test */ = {
			isa = PBXNativeTarget;
			buildConfigurationList = 278441811B302DF4005D5001 /* Build configuration list for PBXNativeTarget "Test" */;
			buildPhases = (
				2784415E1B302DF3005D5001 /* Sources */,
				2784415F1B302DF3005D5001 /* Frameworks */,
				278441601B302DF3005D5001 /* Resources */,
			);
			buildRules = (
			);
			dependencies = (
			);
			name = Test;
			productName = Test;
			productReference = 278441621B302DF3005D5001 /* Test.app */;
			productType = "com.apple.product-type.application";
		};
		278441761B302DF4005D5001 /* TestTests */ = {
			isa = PBXNativeTarget;
			buildConfigurationList = 278441841B302DF4005D5001 /* Build configuration list for PBXNativeTarget "TestTests" */;
			buildPhases = (
				278441731B302DF4005D5001 /* Sources */,
				278441741B302DF4005D5001 /* Frameworks */,
				278441751B302DF4005D5001 /* Resources */,
			);
			buildRules = (
			);
			dependencies = (
				278441791B302DF4005D5001 /* PBXTargetDependency */,
			);
			name = TestTests;
			productName = TestTests;
			productReference = 278441771B302DF4005D5001 /* TestTests.xctest */;
			productType = "com.apple.product-type.bundle.unit-test";
		};
/* End PBXNativeTarget section */

/* Begin PBXProject section */
		2784415A1B302DF3005D5001 /* Project object */ = {
			isa = PBXProject;
			attributes = {
				LastUpgradeCheck = 0630;
				ORGANIZATIONNAME = "Sina Omrani";
				TargetAttributes = {
					278441611B302DF3005D5001 = {
						CreatedOnToolsVersion = 6.3.2;
					};
					278441761B302DF4005D5001 = {
						CreatedOnToolsVersion = 6.3.2;
						TestTargetID = 278441611B302DF3005D5001;
					};
				};
			};
			buildConfigurationList = 2784415D1B302DF3005D5001 /* Build configuration list for PBXProject "Test" */;
			compatibilityVersion = "Xcode 3.2";
			developmentRegion = English;
			hasScannedForEncodings = 0;
			knownRegions = (
				en,
				Base,
			);
			mainGroup = 278441591B302DF3005D5001;
			productRefGroup = 278441631B302DF3005D5001 /* Products */;
			projectDirPath = "";
			projectRoot = "";
			targets = (
				278441611B302DF3005D5001 /* Test */,
				278441761B302DF4005D5001 /* TestTests */,
			);
		};
/* End PBXProject section */

/* Begin PBXResourcesBuildPhase section */
		278441601B302DF3005D5001 /* Resources */ = {
			isa = PBXResourcesBuildPhase;
			buildActionMask = 2147483647;
			files = (
				2784416D1B302DF3005D5001 /* Main.storyboard in Resources */,
				278441721B302DF3005D5001 /* LaunchScreen.xib in Resources */,
				2784416F1B302DF3005D5001 /* Images.xcassets in Resources */,
			);
			runOnlyForDeploymentPostprocessing = 0;
		};
		278441751B302DF4005D5001 /* Resources */ = {
			isa = PBXResourcesBuildPhase;
			buildActionMask = 2147483647;
			files = (
			);
			runOnlyForDeploymentPostprocessing = 0;
		};
/* End PBXResourcesBuildPhase section */

/* Begin PBXSourcesBuildPhase section */
		2784415E1B302DF3005D5001 /* Sources */ = {
			isa = PBXSourcesBuildPhase;
			buildActionMask = 2147483647;
			files = (
				2784416A1B302DF3005D5001 /* ViewController.swift in Sources */,
				278441681B302DF3005D5001 /* AppDelegate.swift in Sources */,
			);
			runOnlyForDeploymentPostprocessing = 0;
		};
		278441731B302DF4005D5001 /* Sources */ = {
			isa = PBXSourcesBuildPhase;
			buildActionMask = 2147483647;
			files = (
				2784417E1B302DF4005D5001 /* TestTests.swift in Sources */,
			);
			runOnlyForDeploymentPostprocessing = 0;
		};
/* End PBXSourcesBuildPhase section */

/* Begin PBXTargetDependency section */
		278441791B302DF4005D5001 /* PBXTargetDependency */ = {
			isa = PBXTargetDependency;
			target = 278441611B302DF3005D5001 /* Test */;
			targetProxy = 278441781B302DF4005D5001 /* PBXContainerItemProxy */;
		};
/* End PBXTargetDependency section */

/* Begin PBXVariantGroup section */
		2784416B1B302DF3005D5001 /* Main.storyboard */ = {
			isa = PBXVariantGroup;
			children = (
				2784416C1B302DF3005D5001 /* Base */,
			);
			name = Main.storyboard;
			sourceTree = "<group>";
		};
		278441701B302DF3005D5001 /* LaunchScreen.xib */ = {
			isa = PBXVariantGroup;
			children = (
				278441711B302DF3005D5001 /* Base */,
			);
			name = LaunchScreen.xib;
			sourceTree = "<group>";
		};
/* End PBXVariantGroup section */

/* Begin XCBuildConfiguration section */
		2784417F1B302DF4005D5001 /* Debug */ = {
			isa = XCBuildConfiguration;
			buildSettings = {
				ALWAYS_SEARCH_USER_PATHS = NO;
				CLANG_CXX_LANGUAGE_STANDARD = "gnu++0x";
				CLANG_CXX_LIBRARY = "libc++";
				CLANG_ENABLE_MODULES = YES;
				CLANG_ENABLE_OBJC_ARC = YES;
				CLANG_WARN_BOOL_CONVERSION = YES;
				CLANG_WARN_CONSTANT_CONVERSION = YES;
				CLANG_WARN_DIRECT_OBJC_ISA_USAGE = YES_ERROR;
				CLANG_WARN_EMPTY_BODY = YES;
				CLANG_WARN_ENUM_CONVERSION = YES;
				CLANG_WARN_INT_CONVERSION = YES;
				CLANG_WARN_OBJC_ROOT_CLASS = YES_ERROR;
				CLANG_WARN_UNREACHABLE_CODE = YES;
				CLANG_WARN__DUPLICATE_METHOD_MATCH = YES;
				"CODE_SIGN_IDENTITY[sdk=iphoneos*]" = "iPhone Developer";
				COPY_PHASE_STRIP = NO;
				DEBUG_INFORMATION_FORMAT = "dwarf-with-dsym";
				ENABLE_STRICT_OBJC_MSGSEND = YES;
				GCC_C_LANGUAGE_STANDARD = gnu99;
				GCC_DYNAMIC_NO_PIC = NO;
				GCC_NO_COMMON_BLOCKS = YES;
				GCC_OPTIMIZATION_LEVEL = 0;
				GCC_PREPROCESSOR_DEFINITIONS = (
					"DEBUG=1",
					"$(inherited)",
				);
				GCC_SYMBOLS_PRIVATE_EXTERN = NO;
				GCC_WARN_64_TO_32_BIT_CONVERSION = YES;
				GCC_WARN_ABOUT_RETURN_TYPE = YES_ERROR;
				GCC_WARN_UNDECLARED_SELECTOR = YES;
				GCC_WARN_UNINITIALIZED_AUTOS = YES_AGGRESSIVE;
				GCC_WARN_UNUSED_FUNCTION = YES;
				GCC_WARN_UNUSED_VARIABLE = YES;
				IPHONEOS_DEPLOYMENT_TARGET = 8.3;
				MTL_ENABLE_DEBUG_INFO = YES;
				ONLY_ACTIVE_ARCH = YES;
				SDKROOT = iphoneos;
				SWIFT_OPTIMIZATION_LEVEL = "-Onone";
			};
			name = Debug;
		};
		278441801B302DF4005D5001 /* Release */ = {
			isa = XCBuildConfiguration;
			buildSettings = {
				ALWAYS_SEARCH_USER_PATHS = NO;
				CLANG_CXX_LANGUAGE_STANDARD = "gnu++0x";
				CLANG_CXX_LIBRARY = "libc++";
				CLANG_ENABLE_MODULES = YES;
				CLANG_ENABLE_OBJC_ARC = YES;
				CLANG_WARN_BOOL_CONVERSION = YES;
				CLANG_WARN_CONSTANT_CONVERSION = YES;
				CLANG_WARN_DIRECT_OBJC_ISA_USAGE = YES_ERROR;
				CLANG_WARN_EMPTY_BODY = YES;
				CLANG_WARN_ENUM_CONVERSION = YES;
				CLANG_WARN_INT_CONVERSION = YES;
				CLANG_WARN_OBJC_ROOT_CLASS = YES_ERROR;
				CLANG_WARN_UNREACHABLE_CODE = YES;
				CLANG_WARN__DUPLICATE_METHOD_MATCH = YES;
				"CODE_SIGN_IDENTITY[sdk=iphoneos*]" = "iPhone Developer";
				COPY_PHASE_STRIP = NO;
				DEBUG_INFORMATION_FORMAT = "dwarf-with-dsym";
				ENABLE_NS_ASSERTIONS = NO;
				ENABLE_STRICT_OBJC_MSGSEND = YES;
				GCC_C_LANGUAGE_STANDARD = gnu99;
				GCC_NO_COMMON_BLOCKS = YES;
				GCC_WARN_64_TO_32_BIT_CONVERSION = YES;
				GCC_WARN_ABOUT_RETURN_TYPE = YES_ERROR;
				GCC_WARN_UNDECLARED_SELECTOR = YES;
				GCC_WARN_UNINITIALIZED_AUTOS = YES_AGGRESSIVE;
				GCC_WARN_UNUSED_FUNCTION = YES;
				GCC_WARN_UNUSED_VARIABLE = YES;
				IPHONEOS_DEPLOYMENT_TARGET = 8.3;
				MTL_ENABLE_DEBUG_INFO = NO;
				SDKROOT = iphoneos;
				VALIDATE_PRODUCT = YES;
			};
			name = Release;
		};
		278441821B302DF4005D5001 /* Debug */ = {
			isa = XCBuildConfiguration;
			buildSettings = {
				ASSETCATALOG_COMPILER_APPICON_NAME = AppIcon;
				INFOPLIST_FILE = Test/Info.plist;
				LD_RUNPATH_SEARCH_PATHS = "$(inherited) @executable_path/Frameworks";
				PRODUCT_NAME = "$(TARGET_NAME)";
			};
			name = Debug;
		};
		278441831B302DF4005D5001 /* Release */ = {
			isa = XCBuildConfiguration;
			buildSettings = {
				ASSETCATALOG_COMPILER_APPICON_NAME = AppIcon;
				INFOPLIST_FILE = Test/Info.plist;
				LD_RUNPATH_SEARCH_PATHS = "$(inherited) @executable_path/Frameworks";
				PRODUCT_NAME = "$(TARGET_NAME)";
			};
			name = Release;
		};
		278441851B302DF4005D5001 /* Debug */ = {
			isa = XCBuildConfiguration;
			buildSettings = {
				BUNDLE_LOADER = "$(TEST_HOST)";
				FRAMEWORK_SEARCH_PATHS = (
					"$(SDKROOT)/Developer/Library/Frameworks",
					"$(inherited)",
				);
				GCC_PREPROCESSOR_DEFINITIONS = (
					"DEBUG=1",
					"$(inherited)",
				);
				INFOPLIST_FILE = TestTests/Info.plist;
				LD_RUNPATH_SEARCH_PATHS = "$(inherited) @executable_path/Frameworks @loader_path/Frameworks";
				PRODUCT_NAME = "$(TARGET_NAME)";
				TEST_HOST = "$(BUILT_PRODUCTS_DIR)/Test.app/Test";
			};
			name = Debug;
		};
		278441861B302DF4005D5001 /* Release */ = {
			isa = XCBuildConfiguration;
			buildSettings = {
				BUNDLE_LOADER = "$(TEST_HOST)";
				FRAMEWORK_SEARCH_PATHS = (
					"$(SDKROOT)/Developer/Library/Frameworks",
					"$(inherited)",
				);
				INFOPLIST_FILE = TestTests/Info.plist;
				LD_RUNPATH_SEARCH_PATHS = "$(inherited) @executable_path/Frameworks @loader_path/Frameworks";
				PRODUCT_NAME = "$(TARGET_NAME)";
				TEST_HOST = "$(BUILT_PRODUCTS_DIR)/Test.app/Test";
			};
			name = Release;
		};
/* End XCBuildConfiguration section */

/* Begin XCConfigurationList section */
		2784415D1B302DF3005D5001 /* Build configuration list for PBXProject "Test" */ = {
			isa = XCConfigurationList;
			buildConfigurations = (
				2784417F1B302DF4005D5001 /* Debug */,
				278441801B302DF4005D5001 /* Release */,
			);
			defaultConfigurationIsVisible = 0;
			defaultConfigurationName = Release;
		};
		278441811B302DF4005D5001 /* Build configuration list for PBXNativeTarget "Test" */ = {
			isa = XCConfigurationList;
			buildConfigurations = (
				278441821B302DF4005D5001 /* Debug */,
				278441831B302DF4005D5001 /* Release */,
			);
			defaultConfigurationIsVisible = 0;
		};
		278441841B302DF4005D5001 /* Build configuration list for PBXNativeTarget "TestTests" */ = {
			isa = XCConfigurationList;
			buildConfigurations = (
				278441851B302DF4005D5001 /* Debug */,
				278441861B302DF4005D5001 /* Release */,
			);
			defaultConfigurationIsVisible = 0;
		};
/* End XCConfigurationList section */
	};
	rootObject = 2784415A1B302DF3005D5001 /* Project object */;
}
